
Microsoft Visual Studio Solution File, Format Version 12.00
# Visual Studio Version 17
VisualStudioVersion = 17.14.36327.8 d17.14
MinimumVisualStudioVersion = 10.0.40219.1
Project("{FAE04EC0-301F-11D3-BF4B-00C04F79EFBC}") = "Task_25", "Task_25.csproj", "{1E941C2F-9ADD-46A8-9E94-DBC8AEFB781A}"
EndProject
Global
	GlobalSection(SolutionConfigurationPlatforms) = preSolution
		Debug|Any CPU = Debug|Any CPU
		Release|Any CPU = Release|Any CPU
	EndGlobalSection
	GlobalSection(ProjectConfigurationPlatforms) = postSolution
		{1E941C2F-9ADD-46A8-9E94-DBC8AEFB781A}.Debug|Any CPU.ActiveCfg = Debug|Any CPU
		{1E941C2F-9ADD-46A8-9E94-DBC8AEFB781A}.Debug|Any CPU.Build.0 = Debug|Any CPU
		{1E941C2F-9ADD-46A8-9E94-DBC8AEFB781A}.Release|Any CPU.ActiveCfg = Release|Any CPU
		{1E941C2F-9ADD-46A8-9E94-DBC8AEFB781A}.Release|Any CPU.Build.0 = Release|Any CPU
	EndGlobalSection
	GlobalSection(SolutionProperties) = preSolution
		HideSolutionNode = FALSE
	EndGlobalSection
	GlobalSection(ExtensibilityGlobals) = postSolution
		SolutionGuid = {73417FAF-23A1-4CB8-9B6E-E0D58947CC05}
	EndGlobalSection
EndGlobal
