
Microsoft Visual Studio Solution File, Format Version 12.00
# Visual Studio Version 17
VisualStudioVersion = 17.14.36327.8 d17.14
MinimumVisualStudioVersion = 10.0.40219.1
Project("{FAE04EC0-301F-11D3-BF4B-00C04F79EFBC}") = "Task_2", "Task_2.csproj", "{6E9F0696-2B12-4E49-9432-3C92AF181044}"
EndProject
Global
	GlobalSection(SolutionConfigurationPlatforms) = preSolution
		Debug|Any CPU = Debug|Any CPU
		Release|Any CPU = Release|Any CPU
	EndGlobalSection
	GlobalSection(ProjectConfigurationPlatforms) = postSolution
		{6E9F0696-2B12-4E49-9432-3C92AF181044}.Debug|Any CPU.ActiveCfg = Debug|Any CPU
		{6E9F0696-2B12-4E49-9432-3C92AF181044}.Debug|Any CPU.Build.0 = Debug|Any CPU
		{6E9F0696-2B12-4E49-9432-3C92AF181044}.Release|Any CPU.ActiveCfg = Release|Any CPU
		{6E9F0696-2B12-4E49-9432-3C92AF181044}.Release|Any CPU.Build.0 = Release|Any CPU
	EndGlobalSection
	GlobalSection(SolutionProperties) = preSolution
		HideSolutionNode = FALSE
	EndGlobalSection
	GlobalSection(ExtensibilityGlobals) = postSolution
		SolutionGuid = {12465298-E891-4DF8-BC1F-F16B9A1C60BC}
	EndGlobalSection
EndGlobal
