
Microsoft Visual Studio Solution File, Format Version 12.00
# Visual Studio Version 17
VisualStudioVersion = 17.14.36327.8 d17.14
MinimumVisualStudioVersion = 10.0.40219.1
Project("{FAE04EC0-301F-11D3-BF4B-00C04F79EFBC}") = "Task_3", "Task_3.csproj", "{5D4C3DFA-8F38-4A68-B989-C6507DEA2058}"
EndProject
Global
	GlobalSection(SolutionConfigurationPlatforms) = preSolution
		Debug|Any CPU = Debug|Any CPU
		Release|Any CPU = Release|Any CPU
	EndGlobalSection
	GlobalSection(ProjectConfigurationPlatforms) = postSolution
		{5D4C3DFA-8F38-4A68-B989-C6507DEA2058}.Debug|Any CPU.ActiveCfg = Debug|Any CPU
		{5D4C3DFA-8F38-4A68-B989-C6507DEA2058}.Debug|Any CPU.Build.0 = Debug|Any CPU
		{5D4C3DFA-8F38-4A68-B989-C6507DEA2058}.Release|Any CPU.ActiveCfg = Release|Any CPU
		{5D4C3DFA-8F38-4A68-B989-C6507DEA2058}.Release|Any CPU.Build.0 = Release|Any CPU
	EndGlobalSection
	GlobalSection(SolutionProperties) = preSolution
		HideSolutionNode = FALSE
	EndGlobalSection
	GlobalSection(ExtensibilityGlobals) = postSolution
		SolutionGuid = {DA4D6536-86AF-4C04-A1F2-946A32145128}
	EndGlobalSection
EndGlobal
