
Microsoft Visual Studio Solution File, Format Version 12.00
# Visual Studio Version 17
VisualStudioVersion = 17.14.36327.8 d17.14
MinimumVisualStudioVersion = 10.0.40219.1
Project("{FAE04EC0-301F-11D3-BF4B-00C04F79EFBC}") = "Task_4", "Task_4.csproj", "{5428B8D5-B6A7-4A5A-A59B-3D7228F963FF}"
EndProject
Global
	GlobalSection(SolutionConfigurationPlatforms) = preSolution
		Debug|Any CPU = Debug|Any CPU
		Release|Any CPU = Release|Any CPU
	EndGlobalSection
	GlobalSection(ProjectConfigurationPlatforms) = postSolution
		{5428B8D5-B6A7-4A5A-A59B-3D7228F963FF}.Debug|Any CPU.ActiveCfg = Debug|Any CPU
		{5428B8D5-B6A7-4A5A-A59B-3D7228F963FF}.Debug|Any CPU.Build.0 = Debug|Any CPU
		{5428B8D5-B6A7-4A5A-A59B-3D7228F963FF}.Release|Any CPU.ActiveCfg = Release|Any CPU
		{5428B8D5-B6A7-4A5A-A59B-3D7228F963FF}.Release|Any CPU.Build.0 = Release|Any CPU
	EndGlobalSection
	GlobalSection(SolutionProperties) = preSolution
		HideSolutionNode = FALSE
	EndGlobalSection
	GlobalSection(ExtensibilityGlobals) = postSolution
		SolutionGuid = {5073CEE3-2DF9-49DA-9380-9E29CD8BF9BB}
	EndGlobalSection
EndGlobal
