
Microsoft Visual Studio Solution File, Format Version 12.00
# Visual Studio Version 17
VisualStudioVersion = 17.14.36327.8 d17.14
MinimumVisualStudioVersion = 10.0.40219.1
Project("{FAE04EC0-301F-11D3-BF4B-00C04F79EFBC}") = "SmartTransactionSystem", "SmartTransactionSystem.csproj", "{30F2E982-6874-44D7-9DC1-655882B64D08}"
EndProject
Global
	GlobalSection(SolutionConfigurationPlatforms) = preSolution
		Debug|Any CPU = Debug|Any CPU
		Release|Any CPU = Release|Any CPU
	EndGlobalSection
	GlobalSection(ProjectConfigurationPlatforms) = postSolution
		{30F2E982-6874-44D7-9DC1-655882B64D08}.Debug|Any CPU.ActiveCfg = Debug|Any CPU
		{30F2E982-6874-44D7-9DC1-655882B64D08}.Debug|Any CPU.Build.0 = Debug|Any CPU
		{30F2E982-6874-44D7-9DC1-655882B64D08}.Release|Any CPU.ActiveCfg = Release|Any CPU
		{30F2E982-6874-44D7-9DC1-655882B64D08}.Release|Any CPU.Build.0 = Release|Any CPU
	EndGlobalSection
	GlobalSection(SolutionProperties) = preSolution
		HideSolutionNode = FALSE
	EndGlobalSection
	GlobalSection(ExtensibilityGlobals) = postSolution
		SolutionGuid = {A88A1120-BD12-4542-998B-4FC6C2FF89B6}
	EndGlobalSection
EndGlobal
