
Microsoft Visual Studio Solution File, Format Version 12.00
# Visual Studio Version 17
VisualStudioVersion = 17.14.36327.8 d17.14
MinimumVisualStudioVersion = 10.0.40219.1
Project("{FAE04EC0-301F-11D3-BF4B-00C04F79EFBC}") = "Task_7", "Task_7.csproj", "{C751407C-BE6F-449F-AA11-D7273C8BECBC}"
EndProject
Global
	GlobalSection(SolutionConfigurationPlatforms) = preSolution
		Debug|Any CPU = Debug|Any CPU
		Release|Any CPU = Release|Any CPU
	EndGlobalSection
	GlobalSection(ProjectConfigurationPlatforms) = postSolution
		{C751407C-BE6F-449F-AA11-D7273C8BECBC}.Debug|Any CPU.ActiveCfg = Debug|Any CPU
		{C751407C-BE6F-449F-AA11-D7273C8BECBC}.Debug|Any CPU.Build.0 = Debug|Any CPU
		{C751407C-BE6F-449F-AA11-D7273C8BECBC}.Release|Any CPU.ActiveCfg = Release|Any CPU
		{C751407C-BE6F-449F-AA11-D7273C8BECBC}.Release|Any CPU.Build.0 = Release|Any CPU
	EndGlobalSection
	GlobalSection(SolutionProperties) = preSolution
		HideSolutionNode = FALSE
	EndGlobalSection
	GlobalSection(ExtensibilityGlobals) = postSolution
		SolutionGuid = {3C5D0568-6FC2-45FC-9E86-931A736366BF}
	EndGlobalSection
EndGlobal
