
Microsoft Visual Studio Solution File, Format Version 12.00
# Visual Studio Version 17
VisualStudioVersion = 17.14.36327.8 d17.14
MinimumVisualStudioVersion = 10.0.40219.1
Project("{FAE04EC0-301F-11D3-BF4B-00C04F79EFBC}") = "Task_9", "Task_9.csproj", "{A6378990-8E64-4B1D-B736-EA40938ECFC0}"
EndProject
Global
	GlobalSection(SolutionConfigurationPlatforms) = preSolution
		Debug|Any CPU = Debug|Any CPU
		Release|Any CPU = Release|Any CPU
	EndGlobalSection
	GlobalSection(ProjectConfigurationPlatforms) = postSolution
		{A6378990-8E64-4B1D-B736-EA40938ECFC0}.Debug|Any CPU.ActiveCfg = Debug|Any CPU
		{A6378990-8E64-4B1D-B736-EA40938ECFC0}.Debug|Any CPU.Build.0 = Debug|Any CPU
		{A6378990-8E64-4B1D-B736-EA40938ECFC0}.Release|Any CPU.ActiveCfg = Release|Any CPU
		{A6378990-8E64-4B1D-B736-EA40938ECFC0}.Release|Any CPU.Build.0 = Release|Any CPU
	EndGlobalSection
	GlobalSection(SolutionProperties) = preSolution
		HideSolutionNode = FALSE
	EndGlobalSection
	GlobalSection(ExtensibilityGlobals) = postSolution
		SolutionGuid = {CA4188F6-BECD-4BC4-B982-29A8DD54DD74}
	EndGlobalSection
EndGlobal
