
Microsoft Visual Studio Solution File, Format Version 12.00
# Visual Studio Version 17
VisualStudioVersion = 17.14.36327.8 d17.14
MinimumVisualStudioVersion = 10.0.40219.1
Project("{FAE04EC0-301F-11D3-BF4B-00C04F79EFBC}") = "Task_13", "Task_13.csproj", "{DB4AB02B-638B-4430-B067-68EB7B885FCA}"
EndProject
Global
	GlobalSection(SolutionConfigurationPlatforms) = preSolution
		Debug|Any CPU = Debug|Any CPU
		Release|Any CPU = Release|Any CPU
	EndGlobalSection
	GlobalSection(ProjectConfigurationPlatforms) = postSolution
		{DB4AB02B-638B-4430-B067-68EB7B885FCA}.Debug|Any CPU.ActiveCfg = Debug|Any CPU
		{DB4AB02B-638B-4430-B067-68EB7B885FCA}.Debug|Any CPU.Build.0 = Debug|Any CPU
		{DB4AB02B-638B-4430-B067-68EB7B885FCA}.Release|Any CPU.ActiveCfg = Release|Any CPU
		{DB4AB02B-638B-4430-B067-68EB7B885FCA}.Release|Any CPU.Build.0 = Release|Any CPU
	EndGlobalSection
	GlobalSection(SolutionProperties) = preSolution
		HideSolutionNode = FALSE
	EndGlobalSection
	GlobalSection(ExtensibilityGlobals) = postSolution
		SolutionGuid = {EA0913F9-B509-458A-8B8D-6F3DC655B2C0}
	EndGlobalSection
EndGlobal
