
Microsoft Visual Studio Solution File, Format Version 12.00
# Visual Studio Version 17
VisualStudioVersion = 17.14.36327.8 d17.14
MinimumVisualStudioVersion = 10.0.40219.1
Project("{FAE04EC0-301F-11D3-BF4B-00C04F79EFBC}") = "Practice", "Practice.csproj", "{4C57C190-9759-460E-B99D-0C7A347AE96F}"
EndProject
Global
	GlobalSection(SolutionConfigurationPlatforms) = preSolution
		Debug|Any CPU = Debug|Any CPU
		Release|Any CPU = Release|Any CPU
	EndGlobalSection
	GlobalSection(ProjectConfigurationPlatforms) = postSolution
		{4C57C190-9759-460E-B99D-0C7A347AE96F}.Debug|Any CPU.ActiveCfg = Debug|Any CPU
		{4C57C190-9759-460E-B99D-0C7A347AE96F}.Debug|Any CPU.Build.0 = Debug|Any CPU
		{4C57C190-9759-460E-B99D-0C7A347AE96F}.Release|Any CPU.ActiveCfg = Release|Any CPU
		{4C57C190-9759-460E-B99D-0C7A347AE96F}.Release|Any CPU.Build.0 = Release|Any CPU
	EndGlobalSection
	GlobalSection(SolutionProperties) = preSolution
		HideSolutionNode = FALSE
	EndGlobalSection
	GlobalSection(ExtensibilityGlobals) = postSolution
		SolutionGuid = {413431A2-BC9F-4A85-AF24-1B6863848230}
	EndGlobalSection
EndGlobal
